
Microsoft Visual Studio Solution File, Format Version 12.00
# Visual Studio Version 17
VisualStudioVersion = 17.7.34202.233
MinimumVisualStudioVersion = 10.0.40219.1
Project("{9A19103F-16F7-4668-BE54-9A1E7A4F7556}") = "MadnessMicroactive", "MadnessMicroactive.csproj", "{333886EE-EE79-4333-A6D3-A8D0C67D7A07}"
EndProject
Global
	GlobalSection(SolutionConfigurationPlatforms) = preSolution
		Debug|Any CPU = Debug|Any CPU
		Release|Any CPU = Release|Any CPU
	EndGlobalSection
	GlobalSection(ProjectConfigurationPlatforms) = postSolution
		{333886EE-EE79-4333-A6D3-A8D0C67D7A07}.Debug|Any CPU.ActiveCfg = Debug|Any CPU
		{333886EE-EE79-4333-A6D3-A8D0C67D7A07}.Debug|Any CPU.Build.0 = Debug|Any CPU
		{333886EE-EE79-4333-A6D3-A8D0C67D7A07}.Release|Any CPU.ActiveCfg = Release|Any CPU
		{333886EE-EE79-4333-A6D3-A8D0C67D7A07}.Release|Any CPU.Build.0 = Release|Any CPU
	EndGlobalSection
	GlobalSection(SolutionProperties) = preSolution
		HideSolutionNode = FALSE
	EndGlobalSection
	GlobalSection(ExtensibilityGlobals) = postSolution
		SolutionGuid = {C3AD1CFD-6828-451D-A3B8-02A33FD1311C}
	EndGlobalSection
EndGlobal
